
Microsoft Visual Studio Solution File, Format Version 12.00
# Visual Studio Version 17
VisualStudioVersion = 17.9.34701.34
MinimumVisualStudioVersion = 10.0.40219.1
Project("{FAE04EC0-301F-11D3-BF4B-00C04F79EFBC}") = "AssignmentSession04", "AssignmentSession04\AssignmentSession04.csproj", "{06668569-5FEF-4639-B0F0-B95C2FF8A5B5}"
EndProject
Global
	GlobalSection(SolutionConfigurationPlatforms) = preSolution
		Debug|Any CPU = Debug|Any CPU
		Release|Any CPU = Release|Any CPU
	EndGlobalSection
	GlobalSection(ProjectConfigurationPlatforms) = postSolution
		{06668569-5FEF-4639-B0F0-B95C2FF8A5B5}.Debug|Any CPU.ActiveCfg = Debug|Any CPU
		{06668569-5FEF-4639-B0F0-B95C2FF8A5B5}.Debug|Any CPU.Build.0 = Debug|Any CPU
		{06668569-5FEF-4639-B0F0-B95C2FF8A5B5}.Release|Any CPU.ActiveCfg = Release|Any CPU
		{06668569-5FEF-4639-B0F0-B95C2FF8A5B5}.Release|Any CPU.Build.0 = Release|Any CPU
	EndGlobalSection
	GlobalSection(SolutionProperties) = preSolution
		HideSolutionNode = FALSE
	EndGlobalSection
	GlobalSection(ExtensibilityGlobals) = postSolution
		SolutionGuid = {AAC191AF-7528-4B7C-887C-9C5BC1D84387}
	EndGlobalSection
EndGlobal
